<?xml version="1.0" encoding="utf-8"?>
<Project ToolsVersion="4.0" xmlns="http://schemas.microsoft.com/developer/msbuild/2003">
  <ItemGroup>
    <Filter Include="Game Engine">
      <UniqueIdentifier>{f48be4d9-ffb5-48ed-b3ba-e2f3d30a6250}</UniqueIdentifier>
    </Filter>
    <Filter Include="Game Engine\Engine">
      <UniqueIdentifier>{dd00f0b4-3649-4680-9669-6290094a3f84}</UniqueIdentifier>
    </Filter>
    <Filter Include="Game Engine\Memory Manager">
      <UniqueIdentifier>{c48ca5d4-e685-4e01-af92-1cad86f75d8d}</UniqueIdentifier>
    </Filter>
    <Filter Include="Utilities">
      <UniqueIdentifier>{f3e3ae42-8057-4c25-a53a-1d108864e550}</UniqueIdentifier>
    </Filter>
    <Filter Include="Utilities\SlotMap">
      <UniqueIdentifier>{5bf5da0d-9172-4088-b85a-dfe9d227e8c9}</UniqueIdentifier>
    </Filter>
    <Filter Include="Game Engine\System">
      <UniqueIdentifier>{7e715d10-098a-4093-a492-5bbc32442d7f}</UniqueIdentifier>
    </Filter>
    <Filter Include="Game Engine\Reflection">
      <UniqueIdentifier>{054f346a-07cd-42d1-ad7d-8cc496c4f3cb}</UniqueIdentifier>
    </Filter>
    <Filter Include="Game Engine\Messages">
      <UniqueIdentifier>{4292ec71-d4c8-49e2-b7a5-d018352c73bf}</UniqueIdentifier>
    </Filter>
    <Filter Include="Game Engine\Messages\Message Data">
      <UniqueIdentifier>{f66f6c2c-fe69-461f-a6ba-515b61d718f0}</UniqueIdentifier>
    </Filter>
    <Filter Include="Game Engine\Messages\Message Data\Error Message">
      <UniqueIdentifier>{29ed2559-8c7f-49cd-b4f1-4559af69b7c7}</UniqueIdentifier>
    </Filter>
    <Filter Include="Game Engine\Messages\Callable">
      <UniqueIdentifier>{8d0f23e1-c135-4f54-bc4b-f751385358d3}</UniqueIdentifier>
    </Filter>
    <Filter Include="Utilities\Precompiled">
      <UniqueIdentifier>{736f6cfc-846a-4e57-9e19-21d3d8a354d1}</UniqueIdentifier>
    </Filter>
    <Filter Include="Game Engine\Messages\Message Data\Window Created">
      <UniqueIdentifier>{e919f1fc-bf1d-4529-846e-c271fd6531ea}</UniqueIdentifier>
    </Filter>
    <Filter Include="Game Engine\Messages\Message Data\Popup Message">
      <UniqueIdentifier>{e74f1707-c53d-4733-a44a-24b1176ff52a}</UniqueIdentifier>
    </Filter>
    <Filter Include="Systems">
      <UniqueIdentifier>{e2aa703b-fc57-4d66-baaa-322a43834a04}</UniqueIdentifier>
    </Filter>
    <Filter Include="Systems\Windows">
      <UniqueIdentifier>{e63557b9-44e4-4330-a1a0-674c4db43046}</UniqueIdentifier>
    </Filter>
    <Filter Include="Systems\Graphics">
      <UniqueIdentifier>{9616690c-16b2-4a92-a720-800c8beda3de}</UniqueIdentifier>
    </Filter>
    <Filter Include="Systems\Graphics\System">
      <UniqueIdentifier>{841fbfce-c208-4bff-bbab-cb176cc77f65}</UniqueIdentifier>
    </Filter>
    <Filter Include="Systems\Graphics\OpenGL">
      <UniqueIdentifier>{b850307d-211c-4c63-8fce-2b1faf0d13f4}</UniqueIdentifier>
    </Filter>
    <Filter Include="Systems\Graphics\OpenGL\Device">
      <UniqueIdentifier>{c848214c-a3e5-492a-abc9-36b3b433be83}</UniqueIdentifier>
    </Filter>
    <Filter Include="Systems\Audio">
      <UniqueIdentifier>{e7772250-80ee-407a-bf03-c5ad36cf5b55}</UniqueIdentifier>
    </Filter>
    <Filter Include="Systems\Physics">
      <UniqueIdentifier>{900e5a33-f5f4-48bb-b2b5-9d5a0655aa60}</UniqueIdentifier>
    </Filter>
    <Filter Include="Game Engine\Components">
      <UniqueIdentifier>{3f4f0bc4-7133-4cfa-89bb-1ada36dcebeb}</UniqueIdentifier>
    </Filter>
    <Filter Include="Game Engine\Components\Renderable">
      <UniqueIdentifier>{cfc502d7-b5db-44ce-9427-6b3dc0080a8a}</UniqueIdentifier>
    </Filter>
    <Filter Include="Systems\Graphics\Model">
      <UniqueIdentifier>{36af249b-4dfa-474f-9189-c2ff408eab67}</UniqueIdentifier>
    </Filter>
    <Filter Include="Systems\Graphics\Model\Mesh">
      <UniqueIdentifier>{c7c85b83-6c74-48e9-9272-b5ebcc33cf07}</UniqueIdentifier>
    </Filter>
    <Filter Include="Game Engine\Object">
      <UniqueIdentifier>{9c1d7f52-294b-4c62-9357-de046ef3c4d5}</UniqueIdentifier>
    </Filter>
    <Filter Include="Game Engine\Object\Object Factory">
      <UniqueIdentifier>{b9b20732-c970-4341-856c-9da9b8d3b24b}</UniqueIdentifier>
    </Filter>
    <Filter Include="Game Engine\Components\Transform">
      <UniqueIdentifier>{709f4c95-3eaf-4390-a7b0-d1bd74da9a13}</UniqueIdentifier>
    </Filter>
    <Filter Include="Systems\Graphics\Resources">
      <UniqueIdentifier>{bbd654f1-3fc6-4c62-9cbf-39a6f1695e7b}</UniqueIdentifier>
    </Filter>
    <Filter Include="Systems\Graphics\Resources\Resource Manager">
      <UniqueIdentifier>{b083e389-7ebe-4baa-b52f-1ce309a39376}</UniqueIdentifier>
    </Filter>
    <Filter Include="Systems\Graphics\Model\Skeleton">
      <UniqueIdentifier>{4b3e949f-ec00-4d23-ac5d-6830a22f953d}</UniqueIdentifier>
    </Filter>
    <Filter Include="Systems\Graphics\Model\Skeleton\Joint">
      <UniqueIdentifier>{d51a94cb-6e7e-4807-b09f-8908d3ae61d1}</UniqueIdentifier>
    </Filter>
    <Filter Include="Systems\Graphics\Model\Animation">
      <UniqueIdentifier>{1574a3c2-c1a4-4a16-ba4c-51f9fc49803c}</UniqueIdentifier>
    </Filter>
    <Filter Include="Systems\Graphics\Model\Material">
      <UniqueIdentifier>{45fe2254-3c47-4d09-a803-f63b1c167bde}</UniqueIdentifier>
    </Filter>
    <Filter Include="Shaders">
      <UniqueIdentifier>{10885663-a942-4e3c-a043-652de6b68263}</UniqueIdentifier>
    </Filter>
    <Filter Include="Shaders\Vertex">
      <UniqueIdentifier>{e5cf85bc-4fe1-44da-966e-9da64f4ee760}</UniqueIdentifier>
    </Filter>
    <Filter Include="Shaders\Fragment">
      <UniqueIdentifier>{cda87beb-4468-4c88-b6da-85af86517502}</UniqueIdentifier>
    </Filter>
    <Filter Include="Systems\Graphics\Resources\ResourceLoader">
      <UniqueIdentifier>{754b5759-4968-4546-b1c8-1a3472709913}</UniqueIdentifier>
    </Filter>
    <Filter Include="Game Engine\Serialization">
      <UniqueIdentifier>{30fe7259-3629-4ca9-8f5d-03cea232b86b}</UniqueIdentifier>
    </Filter>
    <Filter Include="Systems\Graphics\Texture">
      <UniqueIdentifier>{5e970605-213c-4411-8c13-f9c774a681ca}</UniqueIdentifier>
    </Filter>
    <Filter Include="Systems\Game Manager">
      <UniqueIdentifier>{3d83f36a-469a-41e0-b7d6-4b93a4091d43}</UniqueIdentifier>
    </Filter>
    <Filter Include="Game Engine\Components\Collider">
      <UniqueIdentifier>{b11fa693-0d24-491a-8ce1-51420990b464}</UniqueIdentifier>
    </Filter>
    <Filter Include="Game Engine\Components\RigidBody">
      <UniqueIdentifier>{b843a0bc-132c-42eb-8b70-2a653b3f3836}</UniqueIdentifier>
    </Filter>
    <Filter Include="Game Engine\Components\Controller">
      <UniqueIdentifier>{ec6e957c-456c-4722-9c9c-63101bb1e75a}</UniqueIdentifier>
    </Filter>
    <Filter Include="Game Engine\Components\Camera">
      <UniqueIdentifier>{c7f81c33-a26e-46ee-bc76-e10b8581b55b}</UniqueIdentifier>
    </Filter>
    <Filter Include="Game Engine\Components\Teleportal">
      <UniqueIdentifier>{88b2c818-5758-4f6e-8de7-8ae5cfb67637}</UniqueIdentifier>
    </Filter>
    <Filter Include="Utilities\Comparators">
      <UniqueIdentifier>{67bc7984-72be-46b2-8503-65b7f258aaae}</UniqueIdentifier>
    </Filter>
    <Filter Include="Utilities\shaders">
      <UniqueIdentifier>{5242e2a2-1950-4488-a484-9016b20f0dcd}</UniqueIdentifier>
    </Filter>
  </ItemGroup>
  <ItemGroup>
    <ClCompile Include="GameEngine.cpp">
      <Filter>Game Engine\Engine</Filter>
    </ClCompile>
    <ClCompile Include="Main.cpp" />
    <ClCompile Include="MemoryManager.cpp">
      <Filter>Game Engine\Memory Manager</Filter>
    </ClCompile>
    <ClCompile Include="MemoryAllocation.cpp">
      <Filter>Game Engine\Memory Manager</Filter>
    </ClCompile>
    <ClCompile Include="stdafx.cpp">
      <Filter>Utilities\Precompiled</Filter>
    </ClCompile>
    <ClCompile Include="Callable.cpp">
      <Filter>Game Engine\Messages\Callable</Filter>
    </ClCompile>
    <ClCompile Include="WindowSystem.cpp">
      <Filter>Systems\Windows</Filter>
    </ClCompile>
    <ClCompile Include="Message.cpp">
      <Filter>Game Engine\Messages</Filter>
    </ClCompile>
    <ClCompile Include="ErrorMessageData.cpp">
      <Filter>Game Engine\Messages\Message Data\Error Message</Filter>
    </ClCompile>
    <ClCompile Include="WindowCreatedData.cpp">
      <Filter>Game Engine\Messages\Message Data\Window Created</Filter>
    </ClCompile>
    <ClCompile Include="GraphicsSystem.cpp">
      <Filter>Systems\Graphics\System</Filter>
    </ClCompile>
    <ClCompile Include="OpenGLDevice.cpp">
      <Filter>Systems\Graphics\OpenGL\Device</Filter>
    </ClCompile>
    <ClCompile Include="PopUpMessageData.cpp">
      <Filter>Game Engine\Messages\Message Data\Popup Message</Filter>
    </ClCompile>
    <ClCompile Include="Object.cpp">
      <Filter>Game Engine\Object</Filter>
    </ClCompile>
    <ClCompile Include="Renderable.cpp">
      <Filter>Game Engine\Components\Renderable</Filter>
    </ClCompile>
    <ClCompile Include="ObjectFactory.cpp">
      <Filter>Game Engine\Object\Object Factory</Filter>
    </ClCompile>
    <ClCompile Include="Model.cpp">
      <Filter>Systems\Graphics\Model</Filter>
    </ClCompile>
    <ClCompile Include="ResourceManager.cpp">
      <Filter>Systems\Graphics\Resources\Resource Manager</Filter>
    </ClCompile>
    <ClCompile Include="Joint.cpp">
      <Filter>Systems\Graphics\Model\Skeleton\Joint</Filter>
    </ClCompile>
    <ClCompile Include="Animation.cpp">
      <Filter>Systems\Graphics\Model\Animation</Filter>
    </ClCompile>
    <ClCompile Include="QuaternionTransform.cpp">
      <Filter>Utilities</Filter>
    </ClCompile>
    <ClCompile Include="ResourceLoader.cpp">
      <Filter>Systems\Graphics\Resources\ResourceLoader</Filter>
    </ClCompile>
    <ClCompile Include="DeSerializingOperators.cpp">
      <Filter>Game Engine\Serialization</Filter>
    </ClCompile>
    <ClCompile Include="Texture.cpp">
      <Filter>Systems\Graphics\Texture</Filter>
    </ClCompile>
    <ClCompile Include="Material.cpp">
      <Filter>Systems\Graphics\Model\Material</Filter>
    </ClCompile>
    <ClCompile Include="Transform.cpp">
      <Filter>Game Engine\Components\Transform</Filter>
    </ClCompile>
    <ClCompile Include="Camera.cpp">
      <Filter>Game Engine\Components\Camera</Filter>
    </ClCompile>
    <ClCompile Include="GameManager.cpp">
      <Filter>Systems\Game Manager</Filter>
    </ClCompile>
    <ClCompile Include="Mesh.cpp">
      <Filter>Systems\Graphics\Model\Mesh</Filter>
    </ClCompile>
    <ClCompile Include="Collider.cpp">
      <Filter>Game Engine\Components\Collider</Filter>
    </ClCompile>
    <ClCompile Include="Comparators.cpp">
      <Filter>Utilities\Comparators</Filter>
    </ClCompile>
    <ClCompile Include="CameraController.cpp">
      <Filter>Game Engine\Components\Controller</Filter>
    </ClCompile>
  </ItemGroup>
  <ItemGroup>
    <ClInclude Include="GameEngine.h">
      <Filter>Game Engine\Engine</Filter>
    </ClInclude>
    <ClInclude Include="MemoryManager.h">
      <Filter>Game Engine\Memory Manager</Filter>
    </ClInclude>
    <ClInclude Include="Allocator.h">
      <Filter>Game Engine\Memory Manager</Filter>
    </ClInclude>
    <ClInclude Include="SlotMap.h">
      <Filter>Utilities\SlotMap</Filter>
    </ClInclude>
    <ClInclude Include="MemoryAllocation.h">
      <Filter>Game Engine\Memory Manager</Filter>
    </ClInclude>
    <ClInclude Include="Message.h">
      <Filter>Game Engine\Messages</Filter>
    </ClInclude>
    <ClInclude Include="MessageData.h">
      <Filter>Game Engine\Messages\Message Data</Filter>
    </ClInclude>
    <ClInclude Include="ErrorMessageData.h">
      <Filter>Game Engine\Messages\Message Data\Error Message</Filter>
    </ClInclude>
    <ClInclude Include="Callable.h">
      <Filter>Game Engine\Messages\Callable</Filter>
    </ClInclude>
    <ClInclude Include="Debug.h">
      <Filter>Utilities</Filter>
    </ClInclude>
    <ClInclude Include="stdafx.h">
      <Filter>Utilities\Precompiled</Filter>
    </ClInclude>
    <ClInclude Include="System.h">
      <Filter>Game Engine\System</Filter>
    </ClInclude>
    <ClInclude Include="WindowSystem.h">
      <Filter>Systems\Windows</Filter>
    </ClInclude>
    <ClInclude Include="WindowDefines.h">
      <Filter>Systems\Windows</Filter>
    </ClInclude>
    <ClInclude Include="WindowCreatedData.h">
      <Filter>Game Engine\Messages\Message Data\Window Created</Filter>
    </ClInclude>
    <ClInclude Include="GraphicsSystem.h">
      <Filter>Systems\Graphics\System</Filter>
    </ClInclude>
    <ClInclude Include="OpenGLDevice.h">
      <Filter>Systems\Graphics\OpenGL\Device</Filter>
    </ClInclude>
    <ClInclude Include="Component.h">
      <Filter>Game Engine\Components</Filter>
    </ClInclude>
    <ClInclude Include="Object.h">
      <Filter>Game Engine\Object</Filter>
    </ClInclude>
    <ClInclude Include="PopUpMessageData.h">
      <Filter>Game Engine\Messages\Message Data\Popup Message</Filter>
    </ClInclude>
    <ClInclude Include="Renderable.h">
      <Filter>Game Engine\Components\Renderable</Filter>
    </ClInclude>
    <ClInclude Include="Components.h">
      <Filter>Game Engine\Components</Filter>
    </ClInclude>
    <ClInclude Include="ComponentFactory.h">
      <Filter>Game Engine\Object\Object Factory</Filter>
    </ClInclude>
    <ClInclude Include="ObjectFactory.h">
      <Filter>Game Engine\Object\Object Factory</Filter>
    </ClInclude>
    <ClInclude Include="Model.h">
      <Filter>Systems\Graphics\Model</Filter>
    </ClInclude>
    <ClInclude Include="shaders.h">
      <Filter>Systems\Graphics\Resources</Filter>
    </ClInclude>
    <ClInclude Include="ResourceTypes.h">
      <Filter>Systems\Graphics\Resources</Filter>
    </ClInclude>
    <ClInclude Include="Resource.h">
      <Filter>Systems\Graphics\Resources</Filter>
    </ClInclude>
    <ClInclude Include="Mesh.h">
      <Filter>Systems\Graphics\Model\Mesh</Filter>
    </ClInclude>
    <ClInclude Include="ResourceManager.h">
      <Filter>Systems\Graphics\Resources\Resource Manager</Filter>
    </ClInclude>
    <ClInclude Include="Joint.h">
      <Filter>Systems\Graphics\Model\Skeleton\Joint</Filter>
    </ClInclude>
    <ClInclude Include="Animation.h">
      <Filter>Systems\Graphics\Model\Animation</Filter>
    </ClInclude>
    <ClInclude Include="Material.h">
      <Filter>Systems\Graphics\Model\Material</Filter>
    </ClInclude>
    <ClInclude Include="QuaternionTransform.h">
      <Filter>Utilities</Filter>
    </ClInclude>
    <ClInclude Include="ResourceLoader.h">
      <Filter>Systems\Graphics\Resources\ResourceLoader</Filter>
    </ClInclude>
    <ClInclude Include="DeSerializingOperators.h">
      <Filter>Game Engine\Serialization</Filter>
    </ClInclude>
    <ClInclude Include="Serialization.h">
      <Filter>Game Engine\Serialization</Filter>
    </ClInclude>
    <ClInclude Include="Texture.h">
      <Filter>Systems\Graphics\Texture</Filter>
    </ClInclude>
    <ClInclude Include="GameManager.h">
      <Filter>Systems\Game Manager</Filter>
    </ClInclude>
    <ClInclude Include="Systems.h">
      <Filter>Systems</Filter>
    </ClInclude>
    <ClInclude Include="Transform.h">
      <Filter>Game Engine\Components\Transform</Filter>
    </ClInclude>
    <ClInclude Include="Camera.h">
      <Filter>Game Engine\Components\Camera</Filter>
    </ClInclude>
    <ClInclude Include="Collider.h">
      <Filter>Game Engine\Components\Collider</Filter>
    </ClInclude>
    <ClInclude Include="Comparators.h">
      <Filter>Utilities\Comparators</Filter>
    </ClInclude>
    <ClInclude Include="CameraController.h">
      <Filter>Game Engine\Components\Controller</Filter>
    </ClInclude>
  </ItemGroup>
  <ItemGroup>
    <None Include="Components.inl">
      <Filter>Game Engine\Components</Filter>
    </None>
    <None Include="..\..\Resources\Shaders\3758098497.frag">
      <Filter>Utilities\shaders</Filter>
    </None>
    <None Include="..\..\Resources\Shaders\Non-Anim.vert">
      <Filter>Utilities\shaders</Filter>
    </None>
  </ItemGroup>
</Project>