<?xml version="1.0" encoding="utf-8"?>
<Project ToolsVersion="4.0" xmlns="http://schemas.microsoft.com/developer/msbuild/2003">
  <ItemGroup>
    <Filter Include="Game Engine">
      <UniqueIdentifier>{f48be4d9-ffb5-48ed-b3ba-e2f3d30a6250}</UniqueIdentifier>
    </Filter>
    <Filter Include="Game Engine\Engine">
      <UniqueIdentifier>{dd00f0b4-3649-4680-9669-6290094a3f84}</UniqueIdentifier>
    </Filter>
    <Filter Include="Game Engine\Memory Manager">
      <UniqueIdentifier>{c48ca5d4-e685-4e01-af92-1cad86f75d8d}</UniqueIdentifier>
    </Filter>
    <Filter Include="Game Logic">
      <UniqueIdentifier>{3210e1f6-88a0-4c8d-9f3f-dff37664a64a}</UniqueIdentifier>
    </Filter>
    <Filter Include="Utilities">
      <UniqueIdentifier>{f3e3ae42-8057-4c25-a53a-1d108864e550}</UniqueIdentifier>
    </Filter>
    <Filter Include="Utilities\SlotMap">
      <UniqueIdentifier>{5bf5da0d-9172-4088-b85a-dfe9d227e8c9}</UniqueIdentifier>
    </Filter>
    <Filter Include="Game Engine\System">
      <UniqueIdentifier>{7e715d10-098a-4093-a492-5bbc32442d7f}</UniqueIdentifier>
    </Filter>
    <Filter Include="Game Engine\Reflection">
      <UniqueIdentifier>{054f346a-07cd-42d1-ad7d-8cc496c4f3cb}</UniqueIdentifier>
    </Filter>
    <Filter Include="Game Engine\Messages">
      <UniqueIdentifier>{4292ec71-d4c8-49e2-b7a5-d018352c73bf}</UniqueIdentifier>
    </Filter>
    <Filter Include="Game Engine\Messages\Message Data">
      <UniqueIdentifier>{f66f6c2c-fe69-461f-a6ba-515b61d718f0}</UniqueIdentifier>
    </Filter>
    <Filter Include="Game Engine\Messages\Message Data\Error Message">
      <UniqueIdentifier>{29ed2559-8c7f-49cd-b4f1-4559af69b7c7}</UniqueIdentifier>
    </Filter>
    <Filter Include="Game Engine\Messages\Callable">
      <UniqueIdentifier>{8d0f23e1-c135-4f54-bc4b-f751385358d3}</UniqueIdentifier>
    </Filter>
    <Filter Include="Utilities\Precompiled">
      <UniqueIdentifier>{736f6cfc-846a-4e57-9e19-21d3d8a354d1}</UniqueIdentifier>
    </Filter>
    <Filter Include="Game Engine\Messages\Message Data\Window Created">
      <UniqueIdentifier>{e919f1fc-bf1d-4529-846e-c271fd6531ea}</UniqueIdentifier>
    </Filter>
    <Filter Include="Game Engine\Messages\Message Data\Created Component">
      <UniqueIdentifier>{e9f08405-3305-4044-a12a-d1493b75bcaf}</UniqueIdentifier>
    </Filter>
    <Filter Include="Game Engine\Messages\Message Data\Object Created">
      <UniqueIdentifier>{6ce2df75-df10-42c7-b773-921178237fcd}</UniqueIdentifier>
    </Filter>
    <Filter Include="Game Engine\Messages\Message Data\Object Destroyed">
      <UniqueIdentifier>{5e80c7e3-71ac-466c-bb41-beeb3f81ef8f}</UniqueIdentifier>
    </Filter>
    <Filter Include="Game Engine\Messages\Message Data\Component Destroyed">
      <UniqueIdentifier>{1ee8c1d7-62f5-4c53-8c7e-2d9cdfabc17e}</UniqueIdentifier>
    </Filter>
    <Filter Include="Game Engine\Messages\Message Data\Popup Message">
      <UniqueIdentifier>{e74f1707-c53d-4733-a44a-24b1176ff52a}</UniqueIdentifier>
    </Filter>
    <Filter Include="Systems">
      <UniqueIdentifier>{e2aa703b-fc57-4d66-baaa-322a43834a04}</UniqueIdentifier>
    </Filter>
    <Filter Include="Systems\Windows">
      <UniqueIdentifier>{e63557b9-44e4-4330-a1a0-674c4db43046}</UniqueIdentifier>
    </Filter>
    <Filter Include="Systems\Graphics">
      <UniqueIdentifier>{9616690c-16b2-4a92-a720-800c8beda3de}</UniqueIdentifier>
    </Filter>
    <Filter Include="Systems\Graphics\System">
      <UniqueIdentifier>{841fbfce-c208-4bff-bbab-cb176cc77f65}</UniqueIdentifier>
    </Filter>
    <Filter Include="Systems\Graphics\OpenGL">
      <UniqueIdentifier>{b850307d-211c-4c63-8fce-2b1faf0d13f4}</UniqueIdentifier>
    </Filter>
    <Filter Include="Systems\Graphics\OpenGL\Device">
      <UniqueIdentifier>{c848214c-a3e5-492a-abc9-36b3b433be83}</UniqueIdentifier>
    </Filter>
    <Filter Include="Systems\Audio">
      <UniqueIdentifier>{e7772250-80ee-407a-bf03-c5ad36cf5b55}</UniqueIdentifier>
    </Filter>
    <Filter Include="Systems\Physics">
      <UniqueIdentifier>{900e5a33-f5f4-48bb-b2b5-9d5a0655aa60}</UniqueIdentifier>
    </Filter>
    <Filter Include="Game Engine\Components">
      <UniqueIdentifier>{3f4f0bc4-7133-4cfa-89bb-1ada36dcebeb}</UniqueIdentifier>
    </Filter>
    <Filter Include="Game Engine\Components\Renderable">
      <UniqueIdentifier>{cfc502d7-b5db-44ce-9427-6b3dc0080a8a}</UniqueIdentifier>
    </Filter>
    <Filter Include="Systems\Graphics\Model">
      <UniqueIdentifier>{36af249b-4dfa-474f-9189-c2ff408eab67}</UniqueIdentifier>
    </Filter>
    <Filter Include="Systems\Graphics\Model\Mesh">
      <UniqueIdentifier>{c7c85b83-6c74-48e9-9272-b5ebcc33cf07}</UniqueIdentifier>
    </Filter>
    <Filter Include="Game Engine\Object">
      <UniqueIdentifier>{9c1d7f52-294b-4c62-9357-de046ef3c4d5}</UniqueIdentifier>
    </Filter>
    <Filter Include="Game Engine\Object\Object Factory">
      <UniqueIdentifier>{b9b20732-c970-4341-856c-9da9b8d3b24b}</UniqueIdentifier>
    </Filter>
    <Filter Include="Game Engine\Components\Transform">
      <UniqueIdentifier>{709f4c95-3eaf-4390-a7b0-d1bd74da9a13}</UniqueIdentifier>
    </Filter>
    <Filter Include="Systems\Graphics\Resources">
      <UniqueIdentifier>{bbd654f1-3fc6-4c62-9cbf-39a6f1695e7b}</UniqueIdentifier>
    </Filter>
    <Filter Include="Systems\Graphics\Resources\Resource Manager">
      <UniqueIdentifier>{b083e389-7ebe-4baa-b52f-1ce309a39376}</UniqueIdentifier>
    </Filter>
    <Filter Include="Systems\Graphics\Shader">
      <UniqueIdentifier>{0464c114-c27a-45b3-946a-fd406fab603c}</UniqueIdentifier>
    </Filter>
    <Filter Include="Systems\Graphics\Model\Skeleton">
      <UniqueIdentifier>{4b3e949f-ec00-4d23-ac5d-6830a22f953d}</UniqueIdentifier>
    </Filter>
    <Filter Include="Systems\Graphics\Model\Skeleton\Joint">
      <UniqueIdentifier>{d51a94cb-6e7e-4807-b09f-8908d3ae61d1}</UniqueIdentifier>
    </Filter>
    <Filter Include="Systems\Graphics\Model\Animation">
      <UniqueIdentifier>{1574a3c2-c1a4-4a16-ba4c-51f9fc49803c}</UniqueIdentifier>
    </Filter>
  </ItemGroup>
  <ItemGroup>
    <ClCompile Include="GameEngine.cpp">
      <Filter>Game Engine\Engine</Filter>
    </ClCompile>
    <ClCompile Include="Main.cpp" />
    <ClCompile Include="MemoryManager.cpp">
      <Filter>Game Engine\Memory Manager</Filter>
    </ClCompile>
    <ClCompile Include="MemoryAllocation.cpp">
      <Filter>Game Engine\Memory Manager</Filter>
    </ClCompile>
    <ClCompile Include="stdafx.cpp">
      <Filter>Utilities\Precompiled</Filter>
    </ClCompile>
    <ClCompile Include="Callable.cpp">
      <Filter>Game Engine\Messages\Callable</Filter>
    </ClCompile>
    <ClCompile Include="WindowSystem.cpp">
      <Filter>Systems\Windows</Filter>
    </ClCompile>
    <ClCompile Include="Message.cpp">
      <Filter>Game Engine\Messages</Filter>
    </ClCompile>
    <ClCompile Include="ErrorMessageData.cpp">
      <Filter>Game Engine\Messages\Message Data\Error Message</Filter>
    </ClCompile>
    <ClCompile Include="WindowCreatedData.cpp">
      <Filter>Game Engine\Messages\Message Data\Window Created</Filter>
    </ClCompile>
    <ClCompile Include="GraphicsSystem.cpp">
      <Filter>Systems\Graphics\System</Filter>
    </ClCompile>
    <ClCompile Include="OpenGLDevice.cpp">
      <Filter>Systems\Graphics\OpenGL\Device</Filter>
    </ClCompile>
    <ClCompile Include="CreatedComponentData.cpp">
      <Filter>Game Engine\Messages\Message Data\Created Component</Filter>
    </ClCompile>
    <ClCompile Include="CreatedObjectData.cpp">
      <Filter>Game Engine\Messages\Message Data\Object Created</Filter>
    </ClCompile>
    <ClCompile Include="DestroyedObjectData.cpp">
      <Filter>Game Engine\Messages\Message Data\Object Destroyed</Filter>
    </ClCompile>
    <ClCompile Include="DestroyedComponentData.cpp">
      <Filter>Game Engine\Messages\Message Data\Component Destroyed</Filter>
    </ClCompile>
    <ClCompile Include="PopUpMessageData.cpp">
      <Filter>Game Engine\Messages\Message Data\Popup Message</Filter>
    </ClCompile>
    <ClCompile Include="Object.cpp">
      <Filter>Game Engine\Object</Filter>
    </ClCompile>
    <ClCompile Include="Renderable.cpp">
      <Filter>Game Engine\Components\Renderable</Filter>
    </ClCompile>
    <ClCompile Include="ObjectFactory.cpp">
      <Filter>Game Engine\Object\Object Factory</Filter>
    </ClCompile>
    <ClCompile Include="Model.cpp">
      <Filter>Systems\Graphics\Model</Filter>
    </ClCompile>
    <ClCompile Include="ResourceManager.cpp">
      <Filter>Systems\Graphics\Resources\Resource Manager</Filter>
    </ClCompile>
    <ClCompile Include="Shader.cpp">
      <Filter>Systems\Graphics\Shader</Filter>
    </ClCompile>
    <ClCompile Include="Skeleton.cpp">
      <Filter>Systems\Graphics\Model\Skeleton</Filter>
    </ClCompile>
    <ClCompile Include="Joint.cpp">
      <Filter>Systems\Graphics\Model\Skeleton\Joint</Filter>
    </ClCompile>
    <ClCompile Include="Animation.cpp">
      <Filter>Systems\Graphics\Model\Animation</Filter>
    </ClCompile>
  </ItemGroup>
  <ItemGroup>
    <ClInclude Include="GameEngine.h">
      <Filter>Game Engine\Engine</Filter>
    </ClInclude>
    <ClInclude Include="MemoryManager.h">
      <Filter>Game Engine\Memory Manager</Filter>
    </ClInclude>
    <ClInclude Include="Allocator.h">
      <Filter>Game Engine\Memory Manager</Filter>
    </ClInclude>
    <ClInclude Include="SlotMap.h">
      <Filter>Utilities\SlotMap</Filter>
    </ClInclude>
    <ClInclude Include="MemoryAllocation.h">
      <Filter>Game Engine\Memory Manager</Filter>
    </ClInclude>
    <ClInclude Include="Message.h">
      <Filter>Game Engine\Messages</Filter>
    </ClInclude>
    <ClInclude Include="MessageData.h">
      <Filter>Game Engine\Messages\Message Data</Filter>
    </ClInclude>
    <ClInclude Include="ErrorMessageData.h">
      <Filter>Game Engine\Messages\Message Data\Error Message</Filter>
    </ClInclude>
    <ClInclude Include="Callable.h">
      <Filter>Game Engine\Messages\Callable</Filter>
    </ClInclude>
    <ClInclude Include="Debug.h">
      <Filter>Utilities</Filter>
    </ClInclude>
    <ClInclude Include="stdafx.h">
      <Filter>Utilities\Precompiled</Filter>
    </ClInclude>
    <ClInclude Include="System.h">
      <Filter>Game Engine\System</Filter>
    </ClInclude>
    <ClInclude Include="WindowSystem.h">
      <Filter>Systems\Windows</Filter>
    </ClInclude>
    <ClInclude Include="WindowDefines.h">
      <Filter>Systems\Windows</Filter>
    </ClInclude>
    <ClInclude Include="WindowCreatedData.h">
      <Filter>Game Engine\Messages\Message Data\Window Created</Filter>
    </ClInclude>
    <ClInclude Include="GraphicsSystem.h">
      <Filter>Systems\Graphics\System</Filter>
    </ClInclude>
    <ClInclude Include="OpenGLDevice.h">
      <Filter>Systems\Graphics\OpenGL\Device</Filter>
    </ClInclude>
    <ClInclude Include="Component.h">
      <Filter>Game Engine\Components</Filter>
    </ClInclude>
    <ClInclude Include="CreatedComponentData.h">
      <Filter>Game Engine\Messages\Message Data\Created Component</Filter>
    </ClInclude>
    <ClInclude Include="Object.h">
      <Filter>Game Engine\Object</Filter>
    </ClInclude>
    <ClInclude Include="DestroyedObjectData.h">
      <Filter>Game Engine\Messages\Message Data\Object Destroyed</Filter>
    </ClInclude>
    <ClInclude Include="CreatedObjectData.h">
      <Filter>Game Engine\Messages\Message Data\Object Created</Filter>
    </ClInclude>
    <ClInclude Include="DestroyedComponentData.h">
      <Filter>Game Engine\Messages\Message Data\Component Destroyed</Filter>
    </ClInclude>
    <ClInclude Include="PopUpMessageData.h">
      <Filter>Game Engine\Messages\Message Data\Popup Message</Filter>
    </ClInclude>
    <ClInclude Include="Renderable.h">
      <Filter>Game Engine\Components\Renderable</Filter>
    </ClInclude>
    <ClInclude Include="Components.h">
      <Filter>Game Engine\Components</Filter>
    </ClInclude>
    <ClInclude Include="ComponentFactory.h">
      <Filter>Game Engine\Object\Object Factory</Filter>
    </ClInclude>
    <ClInclude Include="ObjectFactory.h">
      <Filter>Game Engine\Object\Object Factory</Filter>
    </ClInclude>
    <ClInclude Include="Model.h">
      <Filter>Systems\Graphics\Model</Filter>
    </ClInclude>
    <ClInclude Include="shaders.h">
      <Filter>Systems\Graphics\Resources</Filter>
    </ClInclude>
    <ClInclude Include="ResourceTypes.h">
      <Filter>Systems\Graphics\Resources</Filter>
    </ClInclude>
    <ClInclude Include="Resource.h">
      <Filter>Systems\Graphics\Resources</Filter>
    </ClInclude>
    <ClInclude Include="Mesh.h">
      <Filter>Systems\Graphics\Model\Mesh</Filter>
    </ClInclude>
    <ClInclude Include="ResourceManager.h">
      <Filter>Systems\Graphics\Resources\Resource Manager</Filter>
    </ClInclude>
    <ClInclude Include="Shader.h">
      <Filter>Systems\Graphics\Shader</Filter>
    </ClInclude>
    <ClInclude Include="Skeleton.h">
      <Filter>Systems\Graphics\Model\Skeleton</Filter>
    </ClInclude>
    <ClInclude Include="Joint.h">
      <Filter>Systems\Graphics\Model\Skeleton\Joint</Filter>
    </ClInclude>
    <ClInclude Include="Animation.h">
      <Filter>Systems\Graphics\Model\Animation</Filter>
    </ClInclude>
  </ItemGroup>
</Project>